
Microsoft Visual Studio Solution File, Format Version 12.00
# Visual Studio 2013
VisualStudioVersion = 12.0.31101.0
MinimumVisualStudioVersion = 10.0.40219.1
Project("{FAE04EC0-301F-11D3-BF4B-00C04F79EFBC}") = "ClientConsole", "ConsoleApplication3\ClientConsole.csproj", "{CC2945F3-2714-46E5-AF15-CB9F02378A29}"
EndProject
Project("{FAE04EC0-301F-11D3-BF4B-00C04F79EFBC}") = "Nhl94StatsReader", "Nhl94StatsReader\Nhl94StatsReader.csproj", "{16F0128B-0284-42A6-9585-874D7A40F80A}"
EndProject
Project("{2150E333-8FDC-42A3-9474-1A3956D46DE8}") = "Solution Items", "Solution Items", "{CB1225D3-CAED-45CC-9AD9-CE59B8D870E1}"
	ProjectSection(SolutionItems) = preProject
		README.md = README.md
	EndProjectSection
EndProject
Global
	GlobalSection(SolutionConfigurationPlatforms) = preSolution
		Debug|Any CPU = Debug|Any CPU
		Release|Any CPU = Release|Any CPU
	EndGlobalSection
	GlobalSection(ProjectConfigurationPlatforms) = postSolution
		{CC2945F3-2714-46E5-AF15-CB9F02378A29}.Debug|Any CPU.ActiveCfg = Debug|Any CPU
		{CC2945F3-2714-46E5-AF15-CB9F02378A29}.Debug|Any CPU.Build.0 = Debug|Any CPU
		{CC2945F3-2714-46E5-AF15-CB9F02378A29}.Release|Any CPU.ActiveCfg = Release|Any CPU
		{CC2945F3-2714-46E5-AF15-CB9F02378A29}.Release|Any CPU.Build.0 = Release|Any CPU
		{16F0128B-0284-42A6-9585-874D7A40F80A}.Debug|Any CPU.ActiveCfg = Debug|Any CPU
		{16F0128B-0284-42A6-9585-874D7A40F80A}.Debug|Any CPU.Build.0 = Debug|Any CPU
		{16F0128B-0284-42A6-9585-874D7A40F80A}.Release|Any CPU.ActiveCfg = Release|Any CPU
		{16F0128B-0284-42A6-9585-874D7A40F80A}.Release|Any CPU.Build.0 = Release|Any CPU
	EndGlobalSection
	GlobalSection(SolutionProperties) = preSolution
		HideSolutionNode = FALSE
	EndGlobalSection
EndGlobal
